<?xml version="1.0" encoding="utf-8"?>
<Project ToolsVersion="4.0" xmlns="http://schemas.microsoft.com/developer/msbuild/2003">
  <ItemGroup>
    <ApplicationDefinition Include="App.xaml" />
  </ItemGroup>
  <ItemGroup>
    <Page Include="MainWindow.xaml" />
    <Page Include="BlankPage.xaml" />
  </ItemGroup>
  <ItemGroup>
    <Midl Include="MainWindow.idl" />
    <Midl Include="RomItem.idl" />
  </ItemGroup>
  <ItemGroup>
    <ClCompile Include="pch.cpp" />
    <ClCompile Include="$(GeneratedFilesDir)module.g.cpp" />
    <ClCompile Include="WindowHandler.cpp">
      <Filter>Handlers</Filter>
    </ClCompile>
    <ClCompile Include="ButtonController.cpp">
      <Filter>Controllers</Filter>
    </ClCompile>
    <ClCompile Include="UIHandler.cpp">
      <Filter>Handlers</Filter>
    </ClCompile>
    <ClCompile Include="StorageModule.cpp">
      <Filter>Modules</Filter>
    </ClCompile>
    <ClCompile Include="NetworkModule.cpp">
      <Filter>Modules</Filter>
    </ClCompile>
    <ClCompile Include="ParserHandler.cpp">
      <Filter>Handlers</Filter>
    </ClCompile>
  </ItemGroup>
  <ItemGroup>
    <ClInclude Include="pch.h" />
    <ClInclude Include="WindowHandler.h">
      <Filter>Handlers</Filter>
    </ClInclude>
    <ClInclude Include="ButtonController.h">
      <Filter>Controllers</Filter>
    </ClInclude>
    <ClInclude Include="UIHandler.h">
      <Filter>Handlers</Filter>
    </ClInclude>
    <ClInclude Include="StorageModule.h">
      <Filter>Modules</Filter>
    </ClInclude>
    <ClInclude Include="NetworkModule.h">
      <Filter>Modules</Filter>
    </ClInclude>
    <ClInclude Include="ParserHandler.h">
      <Filter>Handlers</Filter>
    </ClInclude>
    <ClInclude Include="resource.h" />
    <ClInclude Include="Constants.h">
      <Filter>Constants</Filter>
    </ClInclude>
  </ItemGroup>
  <ItemGroup>
    <Image Include="Assets\Wide310x150Logo.scale-200.png">
      <Filter>Assets</Filter>
    </Image>
    <Image Include="Assets\StoreLogo.png">
      <Filter>Assets</Filter>
    </Image>
    <Image Include="Assets\Square150x150Logo.scale-200.png">
      <Filter>Assets</Filter>
    </Image>
    <Image Include="Assets\Square44x44Logo.targetsize-24_altform-unplated.png">
      <Filter>Assets</Filter>
    </Image>
    <Image Include="Assets\Square44x44Logo.scale-200.png">
      <Filter>Assets</Filter>
    </Image>
    <Image Include="Assets\SplashScreen.scale-200.png">
      <Filter>Assets</Filter>
    </Image>
    <Image Include="Assets\LockScreenLogo.scale-200.png">
      <Filter>Assets</Filter>
    </Image>
    <Image Include="Assets\TitleIcon.png">
      <Filter>Assets</Filter>
    </Image>
    <Image Include="Assets\AppIcon.ico">
      <Filter>Assets</Filter>
    </Image>
  </ItemGroup>
  <ItemGroup>
    <Filter Include="Assets">
      <UniqueIdentifier>{7b1157b6-4818-4744-8a03-1a4c11d8c59f}</UniqueIdentifier>
    </Filter>
    <Filter Include="Controllers">
      <UniqueIdentifier>{ae1963b2-8ecc-41eb-bf4c-95daffbfb24a}</UniqueIdentifier>
    </Filter>
    <Filter Include="Handlers">
      <UniqueIdentifier>{0b5a022a-fdfe-43cf-adbd-a302acb661fc}</UniqueIdentifier>
    </Filter>
    <Filter Include="Modules">
      <UniqueIdentifier>{b4884207-033f-4e10-9123-c0e4a26f9715}</UniqueIdentifier>
    </Filter>
    <Filter Include="Constants">
      <UniqueIdentifier>{f53eef51-b965-405c-8772-376eab1fc57c}</UniqueIdentifier>
    </Filter>
  </ItemGroup>
  <ItemGroup>
    <Text Include="readme.txt" />
  </ItemGroup>
  <ItemGroup>
    <Manifest Include="app.manifest" />
  </ItemGroup>
  <ItemGroup>
    <AppxManifest Include="Package.appxmanifest" />
  </ItemGroup>
  <ItemGroup>
    <None Include="packages.config" />
    <None Include="Assets\Nintendo_Game_Boy_Logo.svg">
      <Filter>Assets</Filter>
    </None>
    <None Include="Assets\Game_Boy_Color_logo.svg">
      <Filter>Assets</Filter>
    </None>
    <None Include="Assets\WonderSwan_logo.svg" />
  </ItemGroup>
  <ItemGroup>
    <Natvis Include="$(MSBuildThisFileDirectory)..\..\natvis\wil.natvis" />
    <Natvis Include="$(MSBuildThisFileDirectory)..\..\natvis\wil.natstepfilter" />
  </ItemGroup>
  <ItemGroup>
    <ResourceCompile Include="RomDownloader.rc" />
  </ItemGroup>
</Project>